
Microsoft Visual Studio Solution File, Format Version 12.00
# Visual Studio Version 16
VisualStudioVersion = 16.0.31911.196
MinimumVisualStudioVersion = 10.0.40219.1
Project("{FAE04EC0-301F-11D3-BF4B-00C04F79EFBC}") = "Family", "Family.csproj", "{D3017807-B1ED-436E-AD6D-5A966C549BBE}"
EndProject
Project("{FAE04EC0-301F-11D3-BF4B-00C04F79EFBC}") = "Brother", "..\Class1\Brother.csproj", "{C3067738-117F-49DD-92FD-604528DAFF46}"
EndProject
Global
	GlobalSection(SolutionConfigurationPlatforms) = preSolution
		Debug|Any CPU = Debug|Any CPU
		Release|Any CPU = Release|Any CPU
	EndGlobalSection
	GlobalSection(ProjectConfigurationPlatforms) = postSolution
		{D3017807-B1ED-436E-AD6D-5A966C549BBE}.Debug|Any CPU.ActiveCfg = Debug|Any CPU
		{D3017807-B1ED-436E-AD6D-5A966C549BBE}.Debug|Any CPU.Build.0 = Debug|Any CPU
		{D3017807-B1ED-436E-AD6D-5A966C549BBE}.Release|Any CPU.ActiveCfg = Release|Any CPU
		{D3017807-B1ED-436E-AD6D-5A966C549BBE}.Release|Any CPU.Build.0 = Release|Any CPU
		{C3067738-117F-49DD-92FD-604528DAFF46}.Debug|Any CPU.ActiveCfg = Debug|Any CPU
		{C3067738-117F-49DD-92FD-604528DAFF46}.Debug|Any CPU.Build.0 = Debug|Any CPU
		{C3067738-117F-49DD-92FD-604528DAFF46}.Release|Any CPU.ActiveCfg = Release|Any CPU
		{C3067738-117F-49DD-92FD-604528DAFF46}.Release|Any CPU.Build.0 = Release|Any CPU
	EndGlobalSection
	GlobalSection(SolutionProperties) = preSolution
		HideSolutionNode = FALSE
	EndGlobalSection
	GlobalSection(ExtensibilityGlobals) = postSolution
		SolutionGuid = {F28E1F96-E1CC-48C7-BED3-D6401665A84B}
	EndGlobalSection
EndGlobal
